// !$*UTF8*$!
{
	archiveVersion = 1;
	classes = {
	};
	objectVersion = 77;
	objects = {

/* Begin PBXBuildFile section */
		166424F72F2696EA00A5AD47 /* FirebaseAnalytics in Frameworks */ = {isa = PBXBuildFile; productRef = 166424F62F2696EA00A5AD47 /* FirebaseAnalytics */; };
		166424F92F2696EA00A5AD47 /* FirebaseAuth in Frameworks */ = {isa = PBXBuildFile; productRef = 166424F82F2696EA00A5AD47 /* FirebaseAuth */; };
		166424FB2F2696EA00A5AD47 /* FirebaseCore in Frameworks */ = {isa = PBXBuildFile; productRef = 166424FA2F2696EA00A5AD47 /* FirebaseCore */; };
		166424FD2F2696EA00A5AD47 /* FirebaseCrashlytics in Frameworks */ = {isa = PBXBuildFile; productRef = 166424FC2F2696EA00A5AD47 /* FirebaseCrashlytics */; };
		166424FF2F2696EA00A5AD47 /* FirebaseDatabase in Frameworks */ = {isa = PBXBuildFile; productRef = 166424FE2F2696EA00A5AD47 /* FirebaseDatabase */; };
		166425012F2696EA00A5AD47 /* FirebaseMessaging in Frameworks */ = {isa = PBXBuildFile; productRef = 166425002F2696EA00A5AD47 /* FirebaseMessaging */; };
		166425032F2696EA00A5AD47 /* FirebasePerformance in Frameworks */ = {isa = PBXBuildFile; productRef = 166425022F2696EA00A5AD47 /* FirebasePerformance */; };
		166425052F2696EA00A5AD47 /* FirebaseRemoteConfig in Frameworks */ = {isa = PBXBuildFile; productRef = 166425042F2696EA00A5AD47 /* FirebaseRemoteConfig */; };
		166425072F2696EA00A5AD47 /* FirebaseStorage in Frameworks */ = {isa = PBXBuildFile; productRef = 166425062F2696EA00A5AD47 /* FirebaseStorage */; };
		16B755252F196AD80012C1F4 /* RevenueCat in Frameworks */ = {isa = PBXBuildFile; productRef = 16B755242F196AD80012C1F4 /* RevenueCat */; };
		16B755272F196AD80012C1F4 /* RevenueCatUI in Frameworks */ = {isa = PBXBuildFile; productRef = 16B755262F196AD80012C1F4 /* RevenueCatUI */; };
		26E9DBC02F1C91820057D9BE /* DriftBackend in Frameworks */ = {isa = PBXBuildFile; productRef = 26E9DBBF2F1C91820057D9BE /* DriftBackend */; };
/* End PBXBuildFile section */

/* Begin PBXContainerItemProxy section */
		16B754FA2F1961360012C1F4 /* PBXContainerItemProxy */ = {
			isa = PBXContainerItemProxy;
			containerPortal = 16B754E42F1961350012C1F4 /* Project object */;
			proxyType = 1;
			remoteGlobalIDString = 16B754EB2F1961350012C1F4;
			remoteInfo = Drift;
		};
		16B755042F1961360012C1F4 /* PBXContainerItemProxy */ = {
			isa = PBXContainerItemProxy;
			containerPortal = 16B754E42F1961350012C1F4 /* Project object */;
			proxyType = 1;
			remoteGlobalIDString = 16B754EB2F1961350012C1F4;
			remoteInfo = Drift;
		};
/* End PBXContainerItemProxy section */

/* Begin PBXFileReference section */
		16B754EC2F1961350012C1F4 /* Drift.app */ = {isa = PBXFileReference; explicitFileType = wrapper.application; includeInIndex = 0; path = Drift.app; sourceTree = BUILT_PRODUCTS_DIR; };
		16B754F92F1961360012C1F4 /* DriftTests.xctest */ = {isa = PBXFileReference; explicitFileType = wrapper.cfbundle; includeInIndex = 0; path = DriftTests.xctest; sourceTree = BUILT_PRODUCTS_DIR; };
		16B755032F1961360012C1F4 /* DriftUITests.xctest */ = {isa = PBXFileReference; explicitFileType = wrapper.cfbundle; includeInIndex = 0; path = DriftUITests.xctest; sourceTree = BUILT_PRODUCTS_DIR; };
/* End PBXFileReference section */

/* Begin PBXFileSystemSynchronizedBuildFileExceptionSet section */
		16EB88502F1AFB6B0029251C /* Exceptions for "Drift" folder in "Drift" target */ = {
			isa = PBXFileSystemSynchronizedBuildFileExceptionSet;
			membershipExceptions = (
				Info.plist,
				"Network/RevenueCatConfig.example.swift",
			);
			target = 16B754EB2F1961350012C1F4 /* Drift */;
		};
/* End PBXFileSystemSynchronizedBuildFileExceptionSet section */

/* Begin PBXFileSystemSynchronizedRootGroup section */
		16B754EE2F1961350012C1F4 /* Drift */ = {
			isa = PBXFileSystemSynchronizedRootGroup;
			exceptions = (
				16EB88502F1AFB6B0029251C /* Exceptions for "Drift" folder in "Drift" target */,
			);
			path = Drift;
			sourceTree = "<group>";
		};
		16B754FC2F1961360012C1F4 /* DriftTests */ = {
			isa = PBXFileSystemSynchronizedRootGroup;
			path = DriftTests;
			sourceTree = "<group>";
		};
		16B755062F1961360012C1F4 /* DriftUITests */ = {
			isa = PBXFileSystemSynchronizedRootGroup;
			path = DriftUITests;
			sourceTree = "<group>";
		};
/* End PBXFileSystemSynchronizedRootGroup section */

/* Begin PBXFrameworksBuildPhase section */
		16B754E92F1961350012C1F4 /* Frameworks */ = {
			isa = PBXFrameworksBuildPhase;
			buildActionMask = 2147483647;
			files = (
				166425052F2696EA00A5AD47 /* FirebaseRemoteConfig in Frameworks */,
				166425012F2696EA00A5AD47 /* FirebaseMessaging in Frameworks */,
				16B755252F196AD80012C1F4 /* RevenueCat in Frameworks */,
				166425032F2696EA00A5AD47 /* FirebasePerformance in Frameworks */,
				166424F92F2696EA00A5AD47 /* FirebaseAuth in Frameworks */,
				166425072F2696EA00A5AD47 /* FirebaseStorage in Frameworks */,
				26E9DBC02F1C91820057D9BE /* DriftBackend in Frameworks */,
				166424FD2F2696EA00A5AD47 /* FirebaseCrashlytics in Frameworks */,
				166424F72F2696EA00A5AD47 /* FirebaseAnalytics in Frameworks */,
				166424FB2F2696EA00A5AD47 /* FirebaseCore in Frameworks */,
				166424FF2F2696EA00A5AD47 /* FirebaseDatabase in Frameworks */,
				16B755272F196AD80012C1F4 /* RevenueCatUI in Frameworks */,
			);
			runOnlyForDeploymentPostprocessing = 0;
		};
		16B754F62F1961360012C1F4 /* Frameworks */ = {
			isa = PBXFrameworksBuildPhase;
			buildActionMask = 2147483647;
			files = (
			);
			runOnlyForDeploymentPostprocessing = 0;
		};
		16B755002F1961360012C1F4 /* Frameworks */ = {
			isa = PBXFrameworksBuildPhase;
			buildActionMask = 2147483647;
			files = (
			);
			runOnlyForDeploymentPostprocessing = 0;
		};
/* End PBXFrameworksBuildPhase section */

/* Begin PBXGroup section */
		16B754E32F1961350012C1F4 = {
			isa = PBXGroup;
			children = (
				16B754EE2F1961350012C1F4 /* Drift */,
				16B754FC2F1961360012C1F4 /* DriftTests */,
				16B755062F1961360012C1F4 /* DriftUITests */,
				16B754ED2F1961350012C1F4 /* Products */,
			);
			sourceTree = "<group>";
		};
		16B754ED2F1961350012C1F4 /* Products */ = {
			isa = PBXGroup;
			children = (
				16B754EC2F1961350012C1F4 /* Drift.app */,
				16B754F92F1961360012C1F4 /* DriftTests.xctest */,
				16B755032F1961360012C1F4 /* DriftUITests.xctest */,
			);
			name = Products;
			sourceTree = "<group>";
		};
/* End PBXGroup section */

/* Begin PBXNativeTarget section */
		16B754EB2F1961350012C1F4 /* Drift */ = {
			isa = PBXNativeTarget;
			buildConfigurationList = 16B7550D2F1961360012C1F4 /* Build configuration list for PBXNativeTarget "Drift" */;
			buildPhases = (
				16B754E82F1961350012C1F4 /* Sources */,
				16B754E92F1961350012C1F4 /* Frameworks */,
				16B754EA2F1961350012C1F4 /* Resources */,
			);
			buildRules = (
			);
			dependencies = (
			);
			fileSystemSynchronizedGroups = (
				16B754EE2F1961350012C1F4 /* Drift */,
			);
			name = Drift;
			packageProductDependencies = (
				16B755242F196AD80012C1F4 /* RevenueCat */,
				16B755262F196AD80012C1F4 /* RevenueCatUI */,
				26E9DBBF2F1C91820057D9BE /* DriftBackend */,
				166424F62F2696EA00A5AD47 /* FirebaseAnalytics */,
				166424F82F2696EA00A5AD47 /* FirebaseAuth */,
				166424FA2F2696EA00A5AD47 /* FirebaseCore */,
				166424FC2F2696EA00A5AD47 /* FirebaseCrashlytics */,
				166424FE2F2696EA00A5AD47 /* FirebaseDatabase */,
				166425002F2696EA00A5AD47 /* FirebaseMessaging */,
				166425022F2696EA00A5AD47 /* FirebasePerformance */,
				166425042F2696EA00A5AD47 /* FirebaseRemoteConfig */,
				166425062F2696EA00A5AD47 /* FirebaseStorage */,
			);
			productName = Drift;
			productReference = 16B754EC2F1961350012C1F4 /* Drift.app */;
			productType = "com.apple.product-type.application";
		};
		16B754F82F1961360012C1F4 /* DriftTests */ = {
			isa = PBXNativeTarget;
			buildConfigurationList = 16B755102F1961360012C1F4 /* Build configuration list for PBXNativeTarget "DriftTests" */;
			buildPhases = (
				16B754F52F1961360012C1F4 /* Sources */,
				16B754F62F1961360012C1F4 /* Frameworks */,
				16B754F72F1961360012C1F4 /* Resources */,
			);
			buildRules = (
			);
			dependencies = (
				16B754FB2F1961360012C1F4 /* PBXTargetDependency */,
			);
			fileSystemSynchronizedGroups = (
				16B754FC2F1961360012C1F4 /* DriftTests */,
			);
			name = DriftTests;
			packageProductDependencies = (
			);
			productName = DriftTests;
			productReference = 16B754F92F1961360012C1F4 /* DriftTests.xctest */;
			productType = "com.apple.product-type.bundle.unit-test";
		};
		16B755022F1961360012C1F4 /* DriftUITests */ = {
			isa = PBXNativeTarget;
			buildConfigurationList = 16B755132F1961360012C1F4 /* Build configuration list for PBXNativeTarget "DriftUITests" */;
			buildPhases = (
				16B754FF2F1961360012C1F4 /* Sources */,
				16B755002F1961360012C1F4 /* Frameworks */,
				16B755012F1961360012C1F4 /* Resources */,
			);
			buildRules = (
			);
			dependencies = (
				16B755052F1961360012C1F4 /* PBXTargetDependency */,
			);
			fileSystemSynchronizedGroups = (
				16B755062F1961360012C1F4 /* DriftUITests */,
			);
			name = DriftUITests;
			packageProductDependencies = (
			);
			productName = DriftUITests;
			productReference = 16B755032F1961360012C1F4 /* DriftUITests.xctest */;
			productType = "com.apple.product-type.bundle.ui-testing";
		};
/* End PBXNativeTarget section */

/* Begin PBXProject section */
		16B754E42F1961350012C1F4 /* Project object */ = {
			isa = PBXProject;
			attributes = {
				BuildIndependentTargetsInParallel = 1;
				LastSwiftUpdateCheck = 2620;
				LastUpgradeCheck = 2620;
				TargetAttributes = {
					16B754EB2F1961350012C1F4 = {
						CreatedOnToolsVersion = 26.2;
					};
					16B754F82F1961360012C1F4 = {
						CreatedOnToolsVersion = 26.2;
						TestTargetID = 16B754EB2F1961350012C1F4;
					};
					16B755022F1961360012C1F4 = {
						CreatedOnToolsVersion = 26.2;
						TestTargetID = 16B754EB2F1961350012C1F4;
					};
				};
			};
			buildConfigurationList = 16B754E72F1961350012C1F4 /* Build configuration list for PBXProject "Drift" */;
			developmentRegion = en;
			hasScannedForEncodings = 0;
			knownRegions = (
				en,
				Base,
			);
			mainGroup = 16B754E32F1961350012C1F4;
			minimizedProjectReferenceProxies = 1;
			packageReferences = (
				16B755232F196AD80012C1F4 /* XCRemoteSwiftPackageReference "purchases-ios-spm" */,
				26E9DBBE2F1C91820057D9BE /* XCLocalSwiftPackageReference "DriftBackend" */,
				166424F52F2696EA00A5AD47 /* XCRemoteSwiftPackageReference "firebase-ios-sdk" */,
			);
			preferredProjectObjectVersion = 77;
			productRefGroup = 16B754ED2F1961350012C1F4 /* Products */;
			projectDirPath = "";
			projectRoot = "";
			targets = (
				16B754EB2F1961350012C1F4 /* Drift */,
				16B754F82F1961360012C1F4 /* DriftTests */,
				16B755022F1961360012C1F4 /* DriftUITests */,
			);
		};
/* End PBXProject section */

/* Begin PBXResourcesBuildPhase section */
		16B754EA2F1961350012C1F4 /* Resources */ = {
			isa = PBXResourcesBuildPhase;
			buildActionMask = 2147483647;
			files = (
			);
			runOnlyForDeploymentPostprocessing = 0;
		};
		16B754F72F1961360012C1F4 /* Resources */ = {
			isa = PBXResourcesBuildPhase;
			buildActionMask = 2147483647;
			files = (
			);
			runOnlyForDeploymentPostprocessing = 0;
		};
		16B755012F1961360012C1F4 /* Resources */ = {
			isa = PBXResourcesBuildPhase;
			buildActionMask = 2147483647;
			files = (
			);
			runOnlyForDeploymentPostprocessing = 0;
		};
/* End PBXResourcesBuildPhase section */

/* Begin PBXSourcesBuildPhase section */
		16B754E82F1961350012C1F4 /* Sources */ = {
			isa = PBXSourcesBuildPhase;
			buildActionMask = 2147483647;
			files = (
			);
			runOnlyForDeploymentPostprocessing = 0;
		};
		16B754F52F1961360012C1F4 /* Sources */ = {
			isa = PBXSourcesBuildPhase;
			buildActionMask = 2147483647;
			files = (
			);
			runOnlyForDeploymentPostprocessing = 0;
		};
		16B754FF2F1961360012C1F4 /* Sources */ = {
			isa = PBXSourcesBuildPhase;
			buildActionMask = 2147483647;
			files = (
			);
			runOnlyForDeploymentPostprocessing = 0;
		};
/* End PBXSourcesBuildPhase section */

/* Begin PBXTargetDependency section */
		16B754FB2F1961360012C1F4 /* PBXTargetDependency */ = {
			isa = PBXTargetDependency;
			target = 16B754EB2F1961350012C1F4 /* Drift */;
			targetProxy = 16B754FA2F1961360012C1F4 /* PBXContainerItemProxy */;
		};
		16B755052F1961360012C1F4 /* PBXTargetDependency */ = {
			isa = PBXTargetDependency;
			target = 16B754EB2F1961350012C1F4 /* Drift */;
			targetProxy = 16B755042F1961360012C1F4 /* PBXContainerItemProxy */;
		};
/* End PBXTargetDependency section */

/* Begin XCBuildConfiguration section */
		16B7550B2F1961360012C1F4 /* Debug */ = {
			isa = XCBuildConfiguration;
			buildSettings = {
				ALWAYS_SEARCH_USER_PATHS = NO;
				ASSETCATALOG_COMPILER_GENERATE_SWIFT_ASSET_SYMBOL_EXTENSIONS = YES;
				CLANG_ANALYZER_NONNULL = YES;
				CLANG_ANALYZER_NUMBER_OBJECT_CONVERSION = YES_AGGRESSIVE;
				CLANG_CXX_LANGUAGE_STANDARD = "gnu++20";
				CLANG_ENABLE_MODULES = YES;
				CLANG_ENABLE_OBJC_ARC = YES;
				CLANG_ENABLE_OBJC_WEAK = YES;
				CLANG_WARN_BLOCK_CAPTURE_AUTORELEASING = YES;
				CLANG_WARN_BOOL_CONVERSION = YES;
				CLANG_WARN_COMMA = YES;
				CLANG_WARN_CONSTANT_CONVERSION = YES;
				CLANG_WARN_DEPRECATED_OBJC_IMPLEMENTATIONS = YES;
				CLANG_WARN_DIRECT_OBJC_ISA_USAGE = YES_ERROR;
				CLANG_WARN_DOCUMENTATION_COMMENTS = YES;
				CLANG_WARN_EMPTY_BODY = YES;
				CLANG_WARN_ENUM_CONVERSION = YES;
				CLANG_WARN_INFINITE_RECURSION = YES;
				CLANG_WARN_INT_CONVERSION = YES;
				CLANG_WARN_NON_LITERAL_NULL_CONVERSION = YES;
				CLANG_WARN_OBJC_IMPLICIT_RETAIN_SELF = YES;
				CLANG_WARN_OBJC_LITERAL_CONVERSION = YES;
				CLANG_WARN_OBJC_ROOT_CLASS = YES_ERROR;
				CLANG_WARN_QUOTED_INCLUDE_IN_FRAMEWORK_HEADER = YES;
				CLANG_WARN_RANGE_LOOP_ANALYSIS = YES;
				CLANG_WARN_STRICT_PROTOTYPES = YES;
				CLANG_WARN_SUSPICIOUS_MOVE = YES;
				CLANG_WARN_UNGUARDED_AVAILABILITY = YES_AGGRESSIVE;
				CLANG_WARN_UNREACHABLE_CODE = YES;
				CLANG_WARN__DUPLICATE_METHOD_MATCH = YES;
				COPY_PHASE_STRIP = NO;
				DEBUG_INFORMATION_FORMAT = dwarf;
				DEVELOPMENT_TEAM = XF766QR2QD;
				ENABLE_STRICT_OBJC_MSGSEND = YES;
				ENABLE_TESTABILITY = YES;
				ENABLE_USER_SCRIPT_SANDBOXING = YES;
				GCC_C_LANGUAGE_STANDARD = gnu17;
				GCC_DYNAMIC_NO_PIC = NO;
				GCC_NO_COMMON_BLOCKS = YES;
				GCC_OPTIMIZATION_LEVEL = 0;
				GCC_PREPROCESSOR_DEFINITIONS = (
					"DEBUG=1",
					"$(inherited)",
				);
				GCC_WARN_64_TO_32_BIT_CONVERSION = YES;
				GCC_WARN_ABOUT_RETURN_TYPE = YES_ERROR;
				GCC_WARN_UNDECLARED_SELECTOR = YES;
				GCC_WARN_UNINITIALIZED_AUTOS = YES_AGGRESSIVE;
				GCC_WARN_UNUSED_FUNCTION = YES;
				GCC_WARN_UNUSED_VARIABLE = YES;
				IPHONEOS_DEPLOYMENT_TARGET = 26.2;
				LOCALIZATION_PREFERS_STRING_CATALOGS = YES;
				MTL_ENABLE_DEBUG_INFO = INCLUDE_SOURCE;
				MTL_FAST_MATH = YES;
				ONLY_ACTIVE_ARCH = YES;
				SDKROOT = iphoneos;
				SWIFT_ACTIVE_COMPILATION_CONDITIONS = "DEBUG $(inherited)";
				SWIFT_OPTIMIZATION_LEVEL = "-Onone";
			};
			name = Debug;
		};
		16B7550C2F1961360012C1F4 /* Release */ = {
			isa = XCBuildConfiguration;
			buildSettings = {
				ALWAYS_SEARCH_USER_PATHS = NO;
				ASSETCATALOG_COMPILER_GENERATE_SWIFT_ASSET_SYMBOL_EXTENSIONS = YES;
				CLANG_ANALYZER_NONNULL = YES;
				CLANG_ANALYZER_NUMBER_OBJECT_CONVERSION = YES_AGGRESSIVE;
				CLANG_CXX_LANGUAGE_STANDARD = "gnu++20";
				CLANG_ENABLE_MODULES = YES;
				CLANG_ENABLE_OBJC_ARC = YES;
				CLANG_ENABLE_OBJC_WEAK = YES;
				CLANG_WARN_BLOCK_CAPTURE_AUTORELEASING = YES;
				CLANG_WARN_BOOL_CONVERSION = YES;
				CLANG_WARN_COMMA = YES;
				CLANG_WARN_CONSTANT_CONVERSION = YES;
				CLANG_WARN_DEPRECATED_OBJC_IMPLEMENTATIONS = YES;
				CLANG_WARN_DIRECT_OBJC_ISA_USAGE = YES_ERROR;
				CLANG_WARN_DOCUMENTATION_COMMENTS = YES;
				CLANG_WARN_EMPTY_BODY = YES;
				CLANG_WARN_ENUM_CONVERSION = YES;
				CLANG_WARN_INFINITE_RECURSION = YES;
				CLANG_WARN_INT_CONVERSION = YES;
				CLANG_WARN_NON_LITERAL_NULL_CONVERSION = YES;
				CLANG_WARN_OBJC_IMPLICIT_RETAIN_SELF = YES;
				CLANG_WARN_OBJC_LITERAL_CONVERSION = YES;
				CLANG_WARN_OBJC_ROOT_CLASS = YES_ERROR;
				CLANG_WARN_QUOTED_INCLUDE_IN_FRAMEWORK_HEADER = YES;
				CLANG_WARN_RANGE_LOOP_ANALYSIS = YES;
				CLANG_WARN_STRICT_PROTOTYPES = YES;
				CLANG_WARN_SUSPICIOUS_MOVE = YES;
				CLANG_WARN_UNGUARDED_AVAILABILITY = YES_AGGRESSIVE;
				CLANG_WARN_UNREACHABLE_CODE = YES;
				CLANG_WARN__DUPLICATE_METHOD_MATCH = YES;
				COPY_PHASE_STRIP = NO;
				DEBUG_INFORMATION_FORMAT = "dwarf-with-dsym";
				DEVELOPMENT_TEAM = XF766QR2QD;
				ENABLE_NS_ASSERTIONS = NO;
				ENABLE_STRICT_OBJC_MSGSEND = YES;
				ENABLE_USER_SCRIPT_SANDBOXING = YES;
				GCC_C_LANGUAGE_STANDARD = gnu17;
				GCC_NO_COMMON_BLOCKS = YES;
				GCC_WARN_64_TO_32_BIT_CONVERSION = YES;
				GCC_WARN_ABOUT_RETURN_TYPE = YES_ERROR;
				GCC_WARN_UNDECLARED_SELECTOR = YES;
				GCC_WARN_UNINITIALIZED_AUTOS = YES_AGGRESSIVE;
				GCC_WARN_UNUSED_FUNCTION = YES;
				GCC_WARN_UNUSED_VARIABLE = YES;
				IPHONEOS_DEPLOYMENT_TARGET = 26.2;
				LOCALIZATION_PREFERS_STRING_CATALOGS = YES;
				MTL_ENABLE_DEBUG_INFO = NO;
				MTL_FAST_MATH = YES;
				SDKROOT = iphoneos;
				SWIFT_COMPILATION_MODE = wholemodule;
				VALIDATE_PRODUCT = YES;
			};
			name = Release;
		};
		16B7550E2F1961360012C1F4 /* Debug */ = {
			isa = XCBuildConfiguration;
			buildSettings = {
				ASSETCATALOG_COMPILER_APPICON_NAME = AppIcon;
				ASSETCATALOG_COMPILER_GLOBAL_ACCENT_COLOR_NAME = AccentColor;
				CODE_SIGN_ENTITLEMENTS = Drift/Drift.entitlements;
				CODE_SIGN_STYLE = Automatic;
				CURRENT_PROJECT_VERSION = 1;
				DEVELOPMENT_TEAM = XF766QR2QD;
				ENABLE_PREVIEWS = YES;
				GENERATE_INFOPLIST_FILE = YES;
				INFOPLIST_FILE = Drift/Info.plist;
				INFOPLIST_KEY_CFBundleDisplayName = Drift;
				INFOPLIST_KEY_LSApplicationCategoryType = "public.app-category.lifestyle";
				INFOPLIST_KEY_NSLocationAlwaysAndWhenInUseUsageDescription = "We use your location to help you find nearby nomads and share your travel route with the community.";
				INFOPLIST_KEY_NSLocationWhenInUseUsageDescription = "We use your location to help you find nearby nomads and share your travel route with the community.";
				INFOPLIST_KEY_UIApplicationSceneManifest_Generation = YES;
				INFOPLIST_KEY_UIApplicationSupportsIndirectInputEvents = YES;
				INFOPLIST_KEY_UILaunchScreen_Generation = YES;
				INFOPLIST_KEY_UISupportedInterfaceOrientations = UIInterfaceOrientationPortrait;
				IPHONEOS_DEPLOYMENT_TARGET = 26.0;
				LD_RUNPATH_SEARCH_PATHS = (
					"$(inherited)",
					"@executable_path/Frameworks",
				);
				MARKETING_VERSION = 1.0;
				PRODUCT_BUNDLE_IDENTIFIER = com.millstein.drift;
				PRODUCT_NAME = "$(TARGET_NAME)";
				STRING_CATALOG_GENERATE_SYMBOLS = YES;
				SUPPORTED_PLATFORMS = "iphoneos iphonesimulator";
				SUPPORTS_MACCATALYST = NO;
				SUPPORTS_MAC_DESIGNED_FOR_IPHONE_IPAD = NO;
				SUPPORTS_XR_DESIGNED_FOR_IPHONE_IPAD = NO;
				SWIFT_APPROACHABLE_CONCURRENCY = YES;
				SWIFT_DEFAULT_ACTOR_ISOLATION = MainActor;
				SWIFT_EMIT_LOC_STRINGS = YES;
				SWIFT_UPCOMING_FEATURE_MEMBER_IMPORT_VISIBILITY = YES;
				SWIFT_VERSION = 5.0;
				TARGETED_DEVICE_FAMILY = "1,2";
			};
			name = Debug;
		};
		16B7550F2F1961360012C1F4 /* Release */ = {
			isa = XCBuildConfiguration;
			buildSettings = {
				ASSETCATALOG_COMPILER_APPICON_NAME = AppIcon;
				ASSETCATALOG_COMPILER_GLOBAL_ACCENT_COLOR_NAME = AccentColor;
				CODE_SIGN_ENTITLEMENTS = Drift/Drift.entitlements;
				CODE_SIGN_STYLE = Automatic;
				CURRENT_PROJECT_VERSION = 1;
				DEVELOPMENT_TEAM = XF766QR2QD;
				ENABLE_PREVIEWS = YES;
				GENERATE_INFOPLIST_FILE = YES;
				INFOPLIST_FILE = Drift/Info.plist;
				INFOPLIST_KEY_CFBundleDisplayName = Drift;
				INFOPLIST_KEY_LSApplicationCategoryType = "public.app-category.lifestyle";
				INFOPLIST_KEY_NSLocationAlwaysAndWhenInUseUsageDescription = "We use your location to help you find nearby nomads and share your travel route with the community.";
				INFOPLIST_KEY_NSLocationWhenInUseUsageDescription = "We use your location to help you find nearby nomads and share your travel route with the community.";
				INFOPLIST_KEY_UIApplicationSceneManifest_Generation = YES;
				INFOPLIST_KEY_UIApplicationSupportsIndirectInputEvents = YES;
				INFOPLIST_KEY_UILaunchScreen_Generation = YES;
				INFOPLIST_KEY_UISupportedInterfaceOrientations = UIInterfaceOrientationPortrait;
				IPHONEOS_DEPLOYMENT_TARGET = 26.0;
				LD_RUNPATH_SEARCH_PATHS = (
					"$(inherited)",
					"@executable_path/Frameworks",
				);
				MARKETING_VERSION = 1.0;
				PRODUCT_BUNDLE_IDENTIFIER = com.millstein.drift;
				PRODUCT_NAME = "$(TARGET_NAME)";
				STRING_CATALOG_GENERATE_SYMBOLS = YES;
				SUPPORTED_PLATFORMS = "iphoneos iphonesimulator";
				SUPPORTS_MACCATALYST = NO;
				SUPPORTS_MAC_DESIGNED_FOR_IPHONE_IPAD = NO;
				SUPPORTS_XR_DESIGNED_FOR_IPHONE_IPAD = NO;
				SWIFT_APPROACHABLE_CONCURRENCY = YES;
				SWIFT_DEFAULT_ACTOR_ISOLATION = MainActor;
				SWIFT_EMIT_LOC_STRINGS = YES;
				SWIFT_UPCOMING_FEATURE_MEMBER_IMPORT_VISIBILITY = YES;
				SWIFT_VERSION = 5.0;
				TARGETED_DEVICE_FAMILY = "1,2";
			};
			name = Release;
		};
		16B755112F1961360012C1F4 /* Debug */ = {
			isa = XCBuildConfiguration;
			buildSettings = {
				BUNDLE_LOADER = "$(TEST_HOST)";
				CODE_SIGN_STYLE = Automatic;
				CURRENT_PROJECT_VERSION = 1;
				DEVELOPMENT_TEAM = XF766QR2QD;
				GENERATE_INFOPLIST_FILE = YES;
				IPHONEOS_DEPLOYMENT_TARGET = 26.2;
				MARKETING_VERSION = 1.0;
				PRODUCT_BUNDLE_IDENTIFIER = com.millstein.DriftTests;
				PRODUCT_NAME = "$(TARGET_NAME)";
				STRING_CATALOG_GENERATE_SYMBOLS = NO;
				SWIFT_APPROACHABLE_CONCURRENCY = YES;
				SWIFT_EMIT_LOC_STRINGS = NO;
				SWIFT_UPCOMING_FEATURE_MEMBER_IMPORT_VISIBILITY = YES;
				SWIFT_VERSION = 5.0;
				TARGETED_DEVICE_FAMILY = "1,2";
				TEST_HOST = "$(BUILT_PRODUCTS_DIR)/Drift.app/$(BUNDLE_EXECUTABLE_FOLDER_PATH)/Drift";
			};
			name = Debug;
		};
		16B755122F1961360012C1F4 /* Release */ = {
			isa = XCBuildConfiguration;
			buildSettings = {
				BUNDLE_LOADER = "$(TEST_HOST)";
				CODE_SIGN_STYLE = Automatic;
				CURRENT_PROJECT_VERSION = 1;
				DEVELOPMENT_TEAM = XF766QR2QD;
				GENERATE_INFOPLIST_FILE = YES;
				IPHONEOS_DEPLOYMENT_TARGET = 26.2;
				MARKETING_VERSION = 1.0;
				PRODUCT_BUNDLE_IDENTIFIER = com.millstein.DriftTests;
				PRODUCT_NAME = "$(TARGET_NAME)";
				STRING_CATALOG_GENERATE_SYMBOLS = NO;
				SWIFT_APPROACHABLE_CONCURRENCY = YES;
				SWIFT_EMIT_LOC_STRINGS = NO;
				SWIFT_UPCOMING_FEATURE_MEMBER_IMPORT_VISIBILITY = YES;
				SWIFT_VERSION = 5.0;
				TARGETED_DEVICE_FAMILY = "1,2";
				TEST_HOST = "$(BUILT_PRODUCTS_DIR)/Drift.app/$(BUNDLE_EXECUTABLE_FOLDER_PATH)/Drift";
			};
			name = Release;
		};
		16B755142F1961360012C1F4 /* Debug */ = {
			isa = XCBuildConfiguration;
			buildSettings = {
				CODE_SIGN_STYLE = Automatic;
				CURRENT_PROJECT_VERSION = 1;
				DEVELOPMENT_TEAM = XF766QR2QD;
				GENERATE_INFOPLIST_FILE = YES;
				MARKETING_VERSION = 1.0;
				PRODUCT_BUNDLE_IDENTIFIER = com.millstein.DriftUITests;
				PRODUCT_NAME = "$(TARGET_NAME)";
				STRING_CATALOG_GENERATE_SYMBOLS = NO;
				SWIFT_APPROACHABLE_CONCURRENCY = YES;
				SWIFT_EMIT_LOC_STRINGS = NO;
				SWIFT_UPCOMING_FEATURE_MEMBER_IMPORT_VISIBILITY = YES;
				SWIFT_VERSION = 5.0;
				TARGETED_DEVICE_FAMILY = "1,2";
				TEST_TARGET_NAME = Drift;
			};
			name = Debug;
		};
		16B755152F1961360012C1F4 /* Release */ = {
			isa = XCBuildConfiguration;
			buildSettings = {
				CODE_SIGN_STYLE = Automatic;
				CURRENT_PROJECT_VERSION = 1;
				DEVELOPMENT_TEAM = XF766QR2QD;
				GENERATE_INFOPLIST_FILE = YES;
				MARKETING_VERSION = 1.0;
				PRODUCT_BUNDLE_IDENTIFIER = com.millstein.DriftUITests;
				PRODUCT_NAME = "$(TARGET_NAME)";
				STRING_CATALOG_GENERATE_SYMBOLS = NO;
				SWIFT_APPROACHABLE_CONCURRENCY = YES;
				SWIFT_EMIT_LOC_STRINGS = NO;
				SWIFT_UPCOMING_FEATURE_MEMBER_IMPORT_VISIBILITY = YES;
				SWIFT_VERSION = 5.0;
				TARGETED_DEVICE_FAMILY = "1,2";
				TEST_TARGET_NAME = Drift;
			};
			name = Release;
		};
/* End XCBuildConfiguration section */

/* Begin XCConfigurationList section */
		16B754E72F1961350012C1F4 /* Build configuration list for PBXProject "Drift" */ = {
			isa = XCConfigurationList;
			buildConfigurations = (
				16B7550B2F1961360012C1F4 /* Debug */,
				16B7550C2F1961360012C1F4 /* Release */,
			);
			defaultConfigurationIsVisible = 0;
			defaultConfigurationName = Release;
		};
		16B7550D2F1961360012C1F4 /* Build configuration list for PBXNativeTarget "Drift" */ = {
			isa = XCConfigurationList;
			buildConfigurations = (
				16B7550E2F1961360012C1F4 /* Debug */,
				16B7550F2F1961360012C1F4 /* Release */,
			);
			defaultConfigurationIsVisible = 0;
			defaultConfigurationName = Release;
		};
		16B755102F1961360012C1F4 /* Build configuration list for PBXNativeTarget "DriftTests" */ = {
			isa = XCConfigurationList;
			buildConfigurations = (
				16B755112F1961360012C1F4 /* Debug */,
				16B755122F1961360012C1F4 /* Release */,
			);
			defaultConfigurationIsVisible = 0;
			defaultConfigurationName = Release;
		};
		16B755132F1961360012C1F4 /* Build configuration list for PBXNativeTarget "DriftUITests" */ = {
			isa = XCConfigurationList;
			buildConfigurations = (
				16B755142F1961360012C1F4 /* Debug */,
				16B755152F1961360012C1F4 /* Release */,
			);
			defaultConfigurationIsVisible = 0;
			defaultConfigurationName = Release;
		};
/* End XCConfigurationList section */

/* Begin XCLocalSwiftPackageReference section */
		26E9DBBE2F1C91820057D9BE /* XCLocalSwiftPackageReference "DriftBackend" */ = {
			isa = XCLocalSwiftPackageReference;
			relativePath = DriftBackend;
		};
/* End XCLocalSwiftPackageReference section */

/* Begin XCRemoteSwiftPackageReference section */
		166424F52F2696EA00A5AD47 /* XCRemoteSwiftPackageReference "firebase-ios-sdk" */ = {
			isa = XCRemoteSwiftPackageReference;
			repositoryURL = "https://github.com/firebase/firebase-ios-sdk";
			requirement = {
				kind = upToNextMajorVersion;
				minimumVersion = 12.8.0;
			};
		};
		16B755232F196AD80012C1F4 /* XCRemoteSwiftPackageReference "purchases-ios-spm" */ = {
			isa = XCRemoteSwiftPackageReference;
			repositoryURL = "https://github.com/RevenueCat/purchases-ios-spm.git";
			requirement = {
				kind = upToNextMajorVersion;
				minimumVersion = 5.54.1;
			};
		};
/* End XCRemoteSwiftPackageReference section */

/* Begin XCSwiftPackageProductDependency section */
		166424F62F2696EA00A5AD47 /* FirebaseAnalytics */ = {
			isa = XCSwiftPackageProductDependency;
			package = 166424F52F2696EA00A5AD47 /* XCRemoteSwiftPackageReference "firebase-ios-sdk" */;
			productName = FirebaseAnalytics;
		};
		166424F82F2696EA00A5AD47 /* FirebaseAuth */ = {
			isa = XCSwiftPackageProductDependency;
			package = 166424F52F2696EA00A5AD47 /* XCRemoteSwiftPackageReference "firebase-ios-sdk" */;
			productName = FirebaseAuth;
		};
		166424FA2F2696EA00A5AD47 /* FirebaseCore */ = {
			isa = XCSwiftPackageProductDependency;
			package = 166424F52F2696EA00A5AD47 /* XCRemoteSwiftPackageReference "firebase-ios-sdk" */;
			productName = FirebaseCore;
		};
		166424FC2F2696EA00A5AD47 /* FirebaseCrashlytics */ = {
			isa = XCSwiftPackageProductDependency;
			package = 166424F52F2696EA00A5AD47 /* XCRemoteSwiftPackageReference "firebase-ios-sdk" */;
			productName = FirebaseCrashlytics;
		};
		166424FE2F2696EA00A5AD47 /* FirebaseDatabase */ = {
			isa = XCSwiftPackageProductDependency;
			package = 166424F52F2696EA00A5AD47 /* XCRemoteSwiftPackageReference "firebase-ios-sdk" */;
			productName = FirebaseDatabase;
		};
		166425002F2696EA00A5AD47 /* FirebaseMessaging */ = {
			isa = XCSwiftPackageProductDependency;
			package = 166424F52F2696EA00A5AD47 /* XCRemoteSwiftPackageReference "firebase-ios-sdk" */;
			productName = FirebaseMessaging;
		};
		166425022F2696EA00A5AD47 /* FirebasePerformance */ = {
			isa = XCSwiftPackageProductDependency;
			package = 166424F52F2696EA00A5AD47 /* XCRemoteSwiftPackageReference "firebase-ios-sdk" */;
			productName = FirebasePerformance;
		};
		166425042F2696EA00A5AD47 /* FirebaseRemoteConfig */ = {
			isa = XCSwiftPackageProductDependency;
			package = 166424F52F2696EA00A5AD47 /* XCRemoteSwiftPackageReference "firebase-ios-sdk" */;
			productName = FirebaseRemoteConfig;
		};
		166425062F2696EA00A5AD47 /* FirebaseStorage */ = {
			isa = XCSwiftPackageProductDependency;
			package = 166424F52F2696EA00A5AD47 /* XCRemoteSwiftPackageReference "firebase-ios-sdk" */;
			productName = FirebaseStorage;
		};
		16B755242F196AD80012C1F4 /* RevenueCat */ = {
			isa = XCSwiftPackageProductDependency;
			package = 16B755232F196AD80012C1F4 /* XCRemoteSwiftPackageReference "purchases-ios-spm" */;
			productName = RevenueCat;
		};
		16B755262F196AD80012C1F4 /* RevenueCatUI */ = {
			isa = XCSwiftPackageProductDependency;
			package = 16B755232F196AD80012C1F4 /* XCRemoteSwiftPackageReference "purchases-ios-spm" */;
			productName = RevenueCatUI;
		};
		26E9DBBF2F1C91820057D9BE /* DriftBackend */ = {
			isa = XCSwiftPackageProductDependency;
			productName = DriftBackend;
		};
/* End XCSwiftPackageProductDependency section */
	};
	rootObject = 16B754E42F1961350012C1F4 /* Project object */;
}
